
Microsoft Visual Studio Solution File, Format Version 12.00
# Visual Studio Version 17
VisualStudioVersion = 17.11.35312.102
MinimumVisualStudioVersion = 10.0.40219.1
Project("{FAE04EC0-301F-11D3-BF4B-00C04F79EFBC}") = "SnakeGame", "SnakeGame\SnakeGame.csproj", "{4720A534-FE6C-414F-A8A5-E8D5DADBEC65}"
EndProject
Global
	GlobalSection(SolutionConfigurationPlatforms) = preSolution
		Debug|Any CPU = Debug|Any CPU
		Release|Any CPU = Release|Any CPU
	EndGlobalSection
	GlobalSection(ProjectConfigurationPlatforms) = postSolution
		{4720A534-FE6C-414F-A8A5-E8D5DADBEC65}.Debug|Any CPU.ActiveCfg = Debug|Any CPU
		{4720A534-FE6C-414F-A8A5-E8D5DADBEC65}.Debug|Any CPU.Build.0 = Debug|Any CPU
		{4720A534-FE6C-414F-A8A5-E8D5DADBEC65}.Release|Any CPU.ActiveCfg = Release|Any CPU
		{4720A534-FE6C-414F-A8A5-E8D5DADBEC65}.Release|Any CPU.Build.0 = Release|Any CPU
	EndGlobalSection
	GlobalSection(SolutionProperties) = preSolution
		HideSolutionNode = FALSE
	EndGlobalSection
	GlobalSection(ExtensibilityGlobals) = postSolution
		SolutionGuid = {0D711979-A625-42C2-B027-8712F58061FA}
	EndGlobalSection
EndGlobal
